
Microsoft Visual Studio Solution File, Format Version 12.00
# Visual Studio Version 17
VisualStudioVersion = 17.1.32328.378
MinimumVisualStudioVersion = 10.0.40219.1
Project("{9A19103F-16F7-4668-BE54-9A1E7A4F7556}") = "Workflow.Inventory", "Inventory\Workflow.Inventory.csproj", "{8F50BDA1-7B39-491D-85BE-1BBAE9D2B007}"
EndProject
Project("{9A19103F-16F7-4668-BE54-9A1E7A4F7556}") = "Workflow.Inventory.UnitTests", "Inventory.UnitTests\Workflow.Inventory.UnitTests.csproj", "{97E3413D-3B37-4082-BCF5-A8F3EA71EABB}"
EndProject
Project("{9A19103F-16F7-4668-BE54-9A1E7A4F7556}") = "Workflow.Inventory.Api", "Inventory.Api\Workflow.Inventory.Api.csproj", "{2E4D45F1-94F8-4036-B8F9-2DE4D3B55278}"
EndProject
Project("{2150E333-8FDC-42A3-9474-1A3956D46DE8}") = "Docs", "Docs", "{D55DD39E-5414-4AC9-BC98-FB9CA24C0896}"
	ProjectSection(SolutionItems) = preProject
		Docs\NginxDeploy.md = Docs\NginxDeploy.md
		Docs\switchDeploy.sh = Docs\switchDeploy.sh
	EndProjectSection
EndProject
Project("{9A19103F-16F7-4668-BE54-9A1E7A4F7556}") = "Workflow.Inventory.WebApp", "Inventory.WebApp\Workflow.Inventory.WebApp.csproj", "{CD2E2709-41E9-4F3D-9365-5ECD792D68A2}"
EndProject
Global
	GlobalSection(SolutionConfigurationPlatforms) = preSolution
		Debug|Any CPU = Debug|Any CPU
		Release|Any CPU = Release|Any CPU
	EndGlobalSection
	GlobalSection(ProjectConfigurationPlatforms) = postSolution
		{8F50BDA1-7B39-491D-85BE-1BBAE9D2B007}.Debug|Any CPU.ActiveCfg = Debug|Any CPU
		{8F50BDA1-7B39-491D-85BE-1BBAE9D2B007}.Debug|Any CPU.Build.0 = Debug|Any CPU
		{8F50BDA1-7B39-491D-85BE-1BBAE9D2B007}.Release|Any CPU.ActiveCfg = Release|Any CPU
		{8F50BDA1-7B39-491D-85BE-1BBAE9D2B007}.Release|Any CPU.Build.0 = Release|Any CPU
		{97E3413D-3B37-4082-BCF5-A8F3EA71EABB}.Debug|Any CPU.ActiveCfg = Debug|Any CPU
		{97E3413D-3B37-4082-BCF5-A8F3EA71EABB}.Debug|Any CPU.Build.0 = Debug|Any CPU
		{97E3413D-3B37-4082-BCF5-A8F3EA71EABB}.Release|Any CPU.ActiveCfg = Release|Any CPU
		{97E3413D-3B37-4082-BCF5-A8F3EA71EABB}.Release|Any CPU.Build.0 = Release|Any CPU
		{2E4D45F1-94F8-4036-B8F9-2DE4D3B55278}.Debug|Any CPU.ActiveCfg = Debug|Any CPU
		{2E4D45F1-94F8-4036-B8F9-2DE4D3B55278}.Debug|Any CPU.Build.0 = Debug|Any CPU
		{2E4D45F1-94F8-4036-B8F9-2DE4D3B55278}.Release|Any CPU.ActiveCfg = Release|Any CPU
		{2E4D45F1-94F8-4036-B8F9-2DE4D3B55278}.Release|Any CPU.Build.0 = Release|Any CPU
		{CD2E2709-41E9-4F3D-9365-5ECD792D68A2}.Debug|Any CPU.ActiveCfg = Debug|Any CPU
		{CD2E2709-41E9-4F3D-9365-5ECD792D68A2}.Debug|Any CPU.Build.0 = Debug|Any CPU
		{CD2E2709-41E9-4F3D-9365-5ECD792D68A2}.Release|Any CPU.ActiveCfg = Release|Any CPU
		{CD2E2709-41E9-4F3D-9365-5ECD792D68A2}.Release|Any CPU.Build.0 = Release|Any CPU
	EndGlobalSection
	GlobalSection(SolutionProperties) = preSolution
		HideSolutionNode = FALSE
	EndGlobalSection
	GlobalSection(ExtensibilityGlobals) = postSolution
		SolutionGuid = {43596021-AD04-478B-9621-9495C4500750}
	EndGlobalSection
EndGlobal
